
Microsoft Visual Studio Solution File, Format Version 12.00
# Visual Studio Version 17
VisualStudioVersion = 17.11.35431.28
MinimumVisualStudioVersion = 10.0.40219.1
Project("{FAE04EC0-301F-11D3-BF4B-00C04F79EFBC}") = "LayoutSampole2", "LayoutSampole2.csproj", "{BBEF7D51-EB61-41F0-BB34-7D2B5D518F09}"
EndProject
Global
	GlobalSection(SolutionConfigurationPlatforms) = preSolution
		Debug|Any CPU = Debug|Any CPU
		Release|Any CPU = Release|Any CPU
	EndGlobalSection
	GlobalSection(ProjectConfigurationPlatforms) = postSolution
		{BBEF7D51-EB61-41F0-BB34-7D2B5D518F09}.Debug|Any CPU.ActiveCfg = Debug|Any CPU
		{BBEF7D51-EB61-41F0-BB34-7D2B5D518F09}.Debug|Any CPU.Build.0 = Debug|Any CPU
		{BBEF7D51-EB61-41F0-BB34-7D2B5D518F09}.Release|Any CPU.ActiveCfg = Release|Any CPU
		{BBEF7D51-EB61-41F0-BB34-7D2B5D518F09}.Release|Any CPU.Build.0 = Release|Any CPU
	EndGlobalSection
	GlobalSection(SolutionProperties) = preSolution
		HideSolutionNode = FALSE
	EndGlobalSection
	GlobalSection(ExtensibilityGlobals) = postSolution
		SolutionGuid = {72761EE5-3B6F-49F9-9B6D-770622536F28}
	EndGlobalSection
EndGlobal
